
Microsoft Visual Studio Solution File, Format Version 12.00
# Visual Studio Version 16
VisualStudioVersion = 16.0.29424.173
MinimumVisualStudioVersion = 10.0.40219.1
Project("{FAE04EC0-301F-11D3-BF4B-00C04F79EFBC}") = "CloudBacktesting.ApiGateway.Web", "CloudBacktesting.ApiGateway.Web\CloudBacktesting.ApiGateway.Web.csproj", "{0A761912-73DB-4BCB-A6D7-34682BEEC72D}"
EndProject
Global
	GlobalSection(SolutionConfigurationPlatforms) = preSolution
		Debug|Any CPU = Debug|Any CPU
		Release|Any CPU = Release|Any CPU
	EndGlobalSection
	GlobalSection(ProjectConfigurationPlatforms) = postSolution
		{0A761912-73DB-4BCB-A6D7-34682BEEC72D}.Debug|Any CPU.ActiveCfg = Debug|Any CPU
		{0A761912-73DB-4BCB-A6D7-34682BEEC72D}.Debug|Any CPU.Build.0 = Debug|Any CPU
		{0A761912-73DB-4BCB-A6D7-34682BEEC72D}.Release|Any CPU.ActiveCfg = Release|Any CPU
		{0A761912-73DB-4BCB-A6D7-34682BEEC72D}.Release|Any CPU.Build.0 = Release|Any CPU
	EndGlobalSection
	GlobalSection(SolutionProperties) = preSolution
		HideSolutionNode = FALSE
	EndGlobalSection
	GlobalSection(ExtensibilityGlobals) = postSolution
		SolutionGuid = {AF76731C-42FA-4C28-B3E7-BCC3AEA6EF22}
	EndGlobalSection
EndGlobal
